# THIS IS AN AUTOGENERATED FILE. DO NOT EDIT THIS FILE DIRECTLY.
# yarn lockfile v1


modal-focus-trap@^0.1.0:
  version "0.1.0"
  resolved "https://registry.yarnpkg.com/modal-focus-trap/-/modal-focus-trap-0.1.0.tgz#6d106e2566939a587b40bc29e4ec13a72831e0f0"
  integrity sha512-jiS0SctqpTkwWU+PcEoxcq/2K7N++cahWm4577SdQr70D+TeuElW+0dpCFP4D/osvrZQqQmp3mUAZIMwo4Nz/A==
